{
  "name": "FunnyToken",
  "version": "1.0.0",
  "lockfileVersion": 1,
  "requires": true,
  "dependencies": {
    "dotenv": {
      "version": "6.1.0",
      "resolved": "https://registry.npmjs.org/dotenv/-/dotenv-6.1.0.tgz",
      "integrity": "sha512-/veDn2ztgRlB7gKmE3i9f6CmDIyXAy6d5nBq+whO9SLX+Zs1sXEgFLPi+aSuWqUuusMfbi84fT8j34fs1HaYUw=="
    },
    "openzeppelin-solidity": {
      "version": "2.0.0-rc.2",
      "resolved": "https://registry.npmjs.org/openzeppelin-solidity/-/openzeppelin-solidity-2.0.0-rc.2.tgz",
      "integrity": "sha512-n107i7gHSZDQmM9yzZgFBCuQXA96E4QgHtByRermoCzHe1CWh5TcsjPcUKHGdsTb/4d1lCkj0o9LYs0ni342cA=="
    }
  }
}
